
Microsoft Visual Studio Solution File, Format Version 12.00
# Visual Studio Version 16
VisualStudioVersion = 16.0.31729.503
MinimumVisualStudioVersion = 10.0.40219.1
Project("{FAE04EC0-301F-11D3-BF4B-00C04F79EFBC}") = "ToDoListApiSecuredJwt", "ToDoListApiSecuredJwt\ToDoListApiSecuredJwt.csproj", "{CE5998A6-A69C-446E-9787-9FCA0251CE90}"
EndProject
Global
	GlobalSection(SolutionConfigurationPlatforms) = preSolution
		Debug|Any CPU = Debug|Any CPU
		Release|Any CPU = Release|Any CPU
	EndGlobalSection
	GlobalSection(ProjectConfigurationPlatforms) = postSolution
		{CE5998A6-A69C-446E-9787-9FCA0251CE90}.Debug|Any CPU.ActiveCfg = Debug|Any CPU
		{CE5998A6-A69C-446E-9787-9FCA0251CE90}.Debug|Any CPU.Build.0 = Debug|Any CPU
		{CE5998A6-A69C-446E-9787-9FCA0251CE90}.Release|Any CPU.ActiveCfg = Release|Any CPU
		{CE5998A6-A69C-446E-9787-9FCA0251CE90}.Release|Any CPU.Build.0 = Release|Any CPU
	EndGlobalSection
	GlobalSection(SolutionProperties) = preSolution
		HideSolutionNode = FALSE
	EndGlobalSection
	GlobalSection(ExtensibilityGlobals) = postSolution
		SolutionGuid = {9C388149-92BD-4EF4-B471-29A22990C2F7}
	EndGlobalSection
EndGlobal
